
Microsoft Visual Studio Solution File, Format Version 12.00
# Visual Studio Version 17
VisualStudioVersion = 17.10.34804.81
MinimumVisualStudioVersion = 10.0.40219.1
Project("{FAE04EC0-301F-11D3-BF4B-00C04F79EFBC}") = "Week1", "Week1\Week1.csproj", "{C5D103B8-7C85-4D81-86F7-1971319BDACC}"
EndProject
Global
	GlobalSection(SolutionConfigurationPlatforms) = preSolution
		Debug|Any CPU = Debug|Any CPU
		Release|Any CPU = Release|Any CPU
	EndGlobalSection
	GlobalSection(ProjectConfigurationPlatforms) = postSolution
		{C5D103B8-7C85-4D81-86F7-1971319BDACC}.Debug|Any CPU.ActiveCfg = Debug|Any CPU
		{C5D103B8-7C85-4D81-86F7-1971319BDACC}.Debug|Any CPU.Build.0 = Debug|Any CPU
		{C5D103B8-7C85-4D81-86F7-1971319BDACC}.Release|Any CPU.ActiveCfg = Release|Any CPU
		{C5D103B8-7C85-4D81-86F7-1971319BDACC}.Release|Any CPU.Build.0 = Release|Any CPU
	EndGlobalSection
	GlobalSection(SolutionProperties) = preSolution
		HideSolutionNode = FALSE
	EndGlobalSection
	GlobalSection(ExtensibilityGlobals) = postSolution
		SolutionGuid = {6E471A83-5F29-4511-A903-6BBDB7D1721C}
	EndGlobalSection
EndGlobal
